
Microsoft Visual Studio Solution File, Format Version 12.00
# Visual Studio 15
VisualStudioVersion = 15.0.27428.2027
MinimumVisualStudioVersion = 10.0.40219.1
Project("{FAE04EC0-301F-11D3-BF4B-00C04F79EFBC}") = "SaleCity.Android", "SaleCity\SaleCity.Android\SaleCity.Android.csproj", "{6C355419-FBA2-45FE-944E-C87851394B45}"
EndProject
Project("{FAE04EC0-301F-11D3-BF4B-00C04F79EFBC}") = "SaleCity.iOS", "SaleCity\SaleCity.iOS\SaleCity.iOS.csproj", "{8EDC0F50-3DC3-428B-BF37-746D1A1C1597}"
EndProject
Project("{FAE04EC0-301F-11D3-BF4B-00C04F79EFBC}") = "SaleCity.UWP", "SaleCity\SaleCity.UWP\SaleCity.UWP.csproj", "{64874D65-41EC-4E5F-96F9-BA3D6798434B}"
EndProject
Project("{FAE04EC0-301F-11D3-BF4B-00C04F79EFBC}") = "SaleCity", "SaleCity\SaleCity\SaleCity.csproj", "{EFD95456-9379-454D-803E-D81E3DEFE2CB}"
EndProject
Global
	GlobalSection(SolutionConfigurationPlatforms) = preSolution
		Ad-Hoc|Any CPU = Ad-Hoc|Any CPU
		Ad-Hoc|ARM = Ad-Hoc|ARM
		Ad-Hoc|iPhone = Ad-Hoc|iPhone
		Ad-Hoc|iPhoneSimulator = Ad-Hoc|iPhoneSimulator
		Ad-Hoc|x64 = Ad-Hoc|x64
		Ad-Hoc|x86 = Ad-Hoc|x86
		AppStore|Any CPU = AppStore|Any CPU
		AppStore|ARM = AppStore|ARM
		AppStore|iPhone = AppStore|iPhone
		AppStore|iPhoneSimulator = AppStore|iPhoneSimulator
		AppStore|x64 = AppStore|x64
		AppStore|x86 = AppStore|x86
		Debug|Any CPU = Debug|Any CPU
		Debug|ARM = Debug|ARM
		Debug|iPhone = Debug|iPhone
		Debug|iPhoneSimulator = Debug|iPhoneSimulator
		Debug|x64 = Debug|x64
		Debug|x86 = Debug|x86
		Release|Any CPU = Release|Any CPU
		Release|ARM = Release|ARM
		Release|iPhone = Release|iPhone
		Release|iPhoneSimulator = Release|iPhoneSimulator
		Release|x64 = Release|x64
		Release|x86 = Release|x86
	EndGlobalSection
	GlobalSection(ProjectConfigurationPlatforms) = postSolution
		{6C355419-FBA2-45FE-944E-C87851394B45}.Ad-Hoc|Any CPU.ActiveCfg = Release|Any CPU
		{6C355419-FBA2-45FE-944E-C87851394B45}.Ad-Hoc|Any CPU.Build.0 = Release|Any CPU
		{6C355419-FBA2-45FE-944E-C87851394B45}.Ad-Hoc|Any CPU.Deploy.0 = Release|Any CPU
		{6C355419-FBA2-45FE-944E-C87851394B45}.Ad-Hoc|ARM.ActiveCfg = Release|Any CPU
		{6C355419-FBA2-45FE-944E-C87851394B45}.Ad-Hoc|ARM.Build.0 = Release|Any CPU
		{6C355419-FBA2-45FE-944E-C87851394B45}.Ad-Hoc|ARM.Deploy.0 = Release|Any CPU
		{6C355419-FBA2-45FE-944E-C87851394B45}.Ad-Hoc|iPhone.ActiveCfg = Release|Any CPU
		{6C355419-FBA2-45FE-944E-C87851394B45}.Ad-Hoc|iPhone.Build.0 = Release|Any CPU
		{6C355419-FBA2-45FE-944E-C87851394B45}.Ad-Hoc|iPhone.Deploy.0 = Release|Any CPU
		{6C355419-FBA2-45FE-944E-C87851394B45}.Ad-Hoc|iPhoneSimulator.ActiveCfg = Release|Any CPU
		{6C355419-FBA2-45FE-944E-C87851394B45}.Ad-Hoc|iPhoneSimulator.Build.0 = Release|Any CPU
		{6C355419-FBA2-45FE-944E-C87851394B45}.Ad-Hoc|iPhoneSimulator.Deploy.0 = Release|Any CPU
		{6C355419-FBA2-45FE-944E-C87851394B45}.Ad-Hoc|x64.ActiveCfg = Release|Any CPU
		{6C355419-FBA2-45FE-944E-C87851394B45}.Ad-Hoc|x64.Build.0 = Release|Any CPU
		{6C355419-FBA2-45FE-944E-C87851394B45}.Ad-Hoc|x64.Deploy.0 = Release|Any CPU
		{6C355419-FBA2-45FE-944E-C87851394B45}.Ad-Hoc|x86.ActiveCfg = Release|Any CPU
		{6C355419-FBA2-45FE-944E-C87851394B45}.Ad-Hoc|x86.Build.0 = Release|Any CPU
		{6C355419-FBA2-45FE-944E-C87851394B45}.Ad-Hoc|x86.Deploy.0 = Release|Any CPU
		{6C355419-FBA2-45FE-944E-C87851394B45}.AppStore|Any CPU.ActiveCfg = Release|Any CPU
		{6C355419-FBA2-45FE-944E-C87851394B45}.AppStore|Any CPU.Build.0 = Release|Any CPU
		{6C355419-FBA2-45FE-944E-C87851394B45}.AppStore|Any CPU.Deploy.0 = Release|Any CPU
		{6C355419-FBA2-45FE-944E-C87851394B45}.AppStore|ARM.ActiveCfg = Release|Any CPU
		{6C355419-FBA2-45FE-944E-C87851394B45}.AppStore|ARM.Build.0 = Release|Any CPU
		{6C355419-FBA2-45FE-944E-C87851394B45}.AppStore|ARM.Deploy.0 = Release|Any CPU
		{6C355419-FBA2-45FE-944E-C87851394B45}.AppStore|iPhone.ActiveCfg = Release|Any CPU
		{6C355419-FBA2-45FE-944E-C87851394B45}.AppStore|iPhone.Build.0 = Release|Any CPU
		{6C355419-FBA2-45FE-944E-C87851394B45}.AppStore|iPhone.Deploy.0 = Release|Any CPU
		{6C355419-FBA2-45FE-944E-C87851394B45}.AppStore|iPhoneSimulator.ActiveCfg = Release|Any CPU
		{6C355419-FBA2-45FE-944E-C87851394B45}.AppStore|iPhoneSimulator.Build.0 = Release|Any CPU
		{6C355419-FBA2-45FE-944E-C87851394B45}.AppStore|iPhoneSimulator.Deploy.0 = Release|Any CPU
		{6C355419-FBA2-45FE-944E-C87851394B45}.AppStore|x64.ActiveCfg = Release|Any CPU
		{6C355419-FBA2-45FE-944E-C87851394B45}.AppStore|x64.Build.0 = Release|Any CPU
		{6C355419-FBA2-45FE-944E-C87851394B45}.AppStore|x64.Deploy.0 = Release|Any CPU
		{6C355419-FBA2-45FE-944E-C87851394B45}.AppStore|x86.ActiveCfg = Release|Any CPU
		{6C355419-FBA2-45FE-944E-C87851394B45}.AppStore|x86.Build.0 = Release|Any CPU
		{6C355419-FBA2-45FE-944E-C87851394B45}.AppStore|x86.Deploy.0 = Release|Any CPU
		{6C355419-FBA2-45FE-944E-C87851394B45}.Debug|Any CPU.ActiveCfg = Debug|Any CPU
		{6C355419-FBA2-45FE-944E-C87851394B45}.Debug|Any CPU.Build.0 = Debug|Any CPU
		{6C355419-FBA2-45FE-944E-C87851394B45}.Debug|Any CPU.Deploy.0 = Debug|Any CPU
		{6C355419-FBA2-45FE-944E-C87851394B45}.Debug|ARM.ActiveCfg = Debug|Any CPU
		{6C355419-FBA2-45FE-944E-C87851394B45}.Debug|ARM.Build.0 = Debug|Any CPU
		{6C355419-FBA2-45FE-944E-C87851394B45}.Debug|ARM.Deploy.0 = Debug|Any CPU
		{6C355419-FBA2-45FE-944E-C87851394B45}.Debug|iPhone.ActiveCfg = Debug|Any CPU
		{6C355419-FBA2-45FE-944E-C87851394B45}.Debug|iPhone.Build.0 = Debug|Any CPU
		{6C355419-FBA2-45FE-944E-C87851394B45}.Debug|iPhone.Deploy.0 = Debug|Any CPU
		{6C355419-FBA2-45FE-944E-C87851394B45}.Debug|iPhoneSimulator.ActiveCfg = Debug|Any CPU
		{6C355419-FBA2-45FE-944E-C87851394B45}.Debug|iPhoneSimulator.Build.0 = Debug|Any CPU
		{6C355419-FBA2-45FE-944E-C87851394B45}.Debug|iPhoneSimulator.Deploy.0 = Debug|Any CPU
		{6C355419-FBA2-45FE-944E-C87851394B45}.Debug|x64.ActiveCfg = Debug|Any CPU
		{6C355419-FBA2-45FE-944E-C87851394B45}.Debug|x64.Build.0 = Debug|Any CPU
		{6C355419-FBA2-45FE-944E-C87851394B45}.Debug|x64.Deploy.0 = Debug|Any CPU
		{6C355419-FBA2-45FE-944E-C87851394B45}.Debug|x86.ActiveCfg = Debug|Any CPU
		{6C355419-FBA2-45FE-944E-C87851394B45}.Debug|x86.Build.0 = Debug|Any CPU
		{6C355419-FBA2-45FE-944E-C87851394B45}.Debug|x86.Deploy.0 = Debug|Any CPU
		{6C355419-FBA2-45FE-944E-C87851394B45}.Release|Any CPU.ActiveCfg = Release|Any CPU
		{6C355419-FBA2-45FE-944E-C87851394B45}.Release|Any CPU.Build.0 = Release|Any CPU
		{6C355419-FBA2-45FE-944E-C87851394B45}.Release|Any CPU.Deploy.0 = Release|Any CPU
		{6C355419-FBA2-45FE-944E-C87851394B45}.Release|ARM.ActiveCfg = Release|Any CPU
		{6C355419-FBA2-45FE-944E-C87851394B45}.Release|ARM.Build.0 = Release|Any CPU
		{6C355419-FBA2-45FE-944E-C87851394B45}.Release|ARM.Deploy.0 = Release|Any CPU
		{6C355419-FBA2-45FE-944E-C87851394B45}.Release|iPhone.ActiveCfg = Release|Any CPU
		{6C355419-FBA2-45FE-944E-C87851394B45}.Release|iPhone.Build.0 = Release|Any CPU
		{6C355419-FBA2-45FE-944E-C87851394B45}.Release|iPhone.Deploy.0 = Release|Any CPU
		{6C355419-FBA2-45FE-944E-C87851394B45}.Release|iPhoneSimulator.ActiveCfg = Release|Any CPU
		{6C355419-FBA2-45FE-944E-C87851394B45}.Release|iPhoneSimulator.Build.0 = Release|Any CPU
		{6C355419-FBA2-45FE-944E-C87851394B45}.Release|iPhoneSimulator.Deploy.0 = Release|Any CPU
		{6C355419-FBA2-45FE-944E-C87851394B45}.Release|x64.ActiveCfg = Release|Any CPU
		{6C355419-FBA2-45FE-944E-C87851394B45}.Release|x64.Build.0 = Release|Any CPU
		{6C355419-FBA2-45FE-944E-C87851394B45}.Release|x64.Deploy.0 = Release|Any CPU
		{6C355419-FBA2-45FE-944E-C87851394B45}.Release|x86.ActiveCfg = Release|Any CPU
		{6C355419-FBA2-45FE-944E-C87851394B45}.Release|x86.Build.0 = Release|Any CPU
		{6C355419-FBA2-45FE-944E-C87851394B45}.Release|x86.Deploy.0 = Release|Any CPU
		{8EDC0F50-3DC3-428B-BF37-746D1A1C1597}.Ad-Hoc|Any CPU.ActiveCfg = Ad-Hoc|iPhone
		{8EDC0F50-3DC3-428B-BF37-746D1A1C1597}.Ad-Hoc|ARM.ActiveCfg = Ad-Hoc|iPhone
		{8EDC0F50-3DC3-428B-BF37-746D1A1C1597}.Ad-Hoc|iPhone.ActiveCfg = Ad-Hoc|iPhone
		{8EDC0F50-3DC3-428B-BF37-746D1A1C1597}.Ad-Hoc|iPhone.Build.0 = Ad-Hoc|iPhone
		{8EDC0F50-3DC3-428B-BF37-746D1A1C1597}.Ad-Hoc|iPhoneSimulator.ActiveCfg = Ad-Hoc|iPhoneSimulator
		{8EDC0F50-3DC3-428B-BF37-746D1A1C1597}.Ad-Hoc|iPhoneSimulator.Build.0 = Ad-Hoc|iPhoneSimulator
		{8EDC0F50-3DC3-428B-BF37-746D1A1C1597}.Ad-Hoc|x64.ActiveCfg = Ad-Hoc|iPhone
		{8EDC0F50-3DC3-428B-BF37-746D1A1C1597}.Ad-Hoc|x86.ActiveCfg = Ad-Hoc|iPhone
		{8EDC0F50-3DC3-428B-BF37-746D1A1C1597}.AppStore|Any CPU.ActiveCfg = AppStore|iPhone
		{8EDC0F50-3DC3-428B-BF37-746D1A1C1597}.AppStore|ARM.ActiveCfg = AppStore|iPhone
		{8EDC0F50-3DC3-428B-BF37-746D1A1C1597}.AppStore|iPhone.ActiveCfg = AppStore|iPhone
		{8EDC0F50-3DC3-428B-BF37-746D1A1C1597}.AppStore|iPhone.Build.0 = AppStore|iPhone
		{8EDC0F50-3DC3-428B-BF37-746D1A1C1597}.AppStore|iPhoneSimulator.ActiveCfg = AppStore|iPhoneSimulator
		{8EDC0F50-3DC3-428B-BF37-746D1A1C1597}.AppStore|iPhoneSimulator.Build.0 = AppStore|iPhoneSimulator
		{8EDC0F50-3DC3-428B-BF37-746D1A1C1597}.AppStore|x64.ActiveCfg = AppStore|iPhone
		{8EDC0F50-3DC3-428B-BF37-746D1A1C1597}.AppStore|x86.ActiveCfg = AppStore|iPhone
		{8EDC0F50-3DC3-428B-BF37-746D1A1C1597}.Debug|Any CPU.ActiveCfg = Debug|iPhone
		{8EDC0F50-3DC3-428B-BF37-746D1A1C1597}.Debug|ARM.ActiveCfg = Debug|iPhone
		{8EDC0F50-3DC3-428B-BF37-746D1A1C1597}.Debug|iPhone.ActiveCfg = Debug|iPhone
		{8EDC0F50-3DC3-428B-BF37-746D1A1C1597}.Debug|iPhone.Build.0 = Debug|iPhone
		{8EDC0F50-3DC3-428B-BF37-746D1A1C1597}.Debug|iPhoneSimulator.ActiveCfg = Debug|iPhoneSimulator
		{8EDC0F50-3DC3-428B-BF37-746D1A1C1597}.Debug|iPhoneSimulator.Build.0 = Debug|iPhoneSimulator
		{8EDC0F50-3DC3-428B-BF37-746D1A1C1597}.Debug|x64.ActiveCfg = Debug|iPhone
		{8EDC0F50-3DC3-428B-BF37-746D1A1C1597}.Debug|x86.ActiveCfg = Debug|iPhone
		{8EDC0F50-3DC3-428B-BF37-746D1A1C1597}.Release|Any CPU.ActiveCfg = Release|iPhone
		{8EDC0F50-3DC3-428B-BF37-746D1A1C1597}.Release|ARM.ActiveCfg = Release|iPhone
		{8EDC0F50-3DC3-428B-BF37-746D1A1C1597}.Release|iPhone.ActiveCfg = Release|iPhone
		{8EDC0F50-3DC3-428B-BF37-746D1A1C1597}.Release|iPhone.Build.0 = Release|iPhone
		{8EDC0F50-3DC3-428B-BF37-746D1A1C1597}.Release|iPhoneSimulator.ActiveCfg = Release|iPhoneSimulator
		{8EDC0F50-3DC3-428B-BF37-746D1A1C1597}.Release|iPhoneSimulator.Build.0 = Release|iPhoneSimulator
		{8EDC0F50-3DC3-428B-BF37-746D1A1C1597}.Release|x64.ActiveCfg = Release|iPhone
		{8EDC0F50-3DC3-428B-BF37-746D1A1C1597}.Release|x86.ActiveCfg = Release|iPhone
		{64874D65-41EC-4E5F-96F9-BA3D6798434B}.Ad-Hoc|Any CPU.ActiveCfg = Release|x86
		{64874D65-41EC-4E5F-96F9-BA3D6798434B}.Ad-Hoc|Any CPU.Build.0 = Release|x86
		{64874D65-41EC-4E5F-96F9-BA3D6798434B}.Ad-Hoc|Any CPU.Deploy.0 = Release|x86
		{64874D65-41EC-4E5F-96F9-BA3D6798434B}.Ad-Hoc|ARM.ActiveCfg = Release|ARM
		{64874D65-41EC-4E5F-96F9-BA3D6798434B}.Ad-Hoc|ARM.Build.0 = Release|ARM
		{64874D65-41EC-4E5F-96F9-BA3D6798434B}.Ad-Hoc|ARM.Deploy.0 = Release|ARM
		{64874D65-41EC-4E5F-96F9-BA3D6798434B}.Ad-Hoc|iPhone.ActiveCfg = Release|x86
		{64874D65-41EC-4E5F-96F9-BA3D6798434B}.Ad-Hoc|iPhone.Build.0 = Release|x86
		{64874D65-41EC-4E5F-96F9-BA3D6798434B}.Ad-Hoc|iPhone.Deploy.0 = Release|x86
		{64874D65-41EC-4E5F-96F9-BA3D6798434B}.Ad-Hoc|iPhoneSimulator.ActiveCfg = Release|x86
		{64874D65-41EC-4E5F-96F9-BA3D6798434B}.Ad-Hoc|iPhoneSimulator.Build.0 = Release|x86
		{64874D65-41EC-4E5F-96F9-BA3D6798434B}.Ad-Hoc|iPhoneSimulator.Deploy.0 = Release|x86
		{64874D65-41EC-4E5F-96F9-BA3D6798434B}.Ad-Hoc|x64.ActiveCfg = Release|x64
		{64874D65-41EC-4E5F-96F9-BA3D6798434B}.Ad-Hoc|x64.Build.0 = Release|x64
		{64874D65-41EC-4E5F-96F9-BA3D6798434B}.Ad-Hoc|x64.Deploy.0 = Release|x64
		{64874D65-41EC-4E5F-96F9-BA3D6798434B}.Ad-Hoc|x86.ActiveCfg = Release|x86
		{64874D65-41EC-4E5F-96F9-BA3D6798434B}.Ad-Hoc|x86.Build.0 = Release|x86
		{64874D65-41EC-4E5F-96F9-BA3D6798434B}.Ad-Hoc|x86.Deploy.0 = Release|x86
		{64874D65-41EC-4E5F-96F9-BA3D6798434B}.AppStore|Any CPU.ActiveCfg = Release|x86
		{64874D65-41EC-4E5F-96F9-BA3D6798434B}.AppStore|Any CPU.Build.0 = Release|x86
		{64874D65-41EC-4E5F-96F9-BA3D6798434B}.AppStore|Any CPU.Deploy.0 = Release|x86
		{64874D65-41EC-4E5F-96F9-BA3D6798434B}.AppStore|ARM.ActiveCfg = Release|ARM
		{64874D65-41EC-4E5F-96F9-BA3D6798434B}.AppStore|ARM.Build.0 = Release|ARM
		{64874D65-41EC-4E5F-96F9-BA3D6798434B}.AppStore|ARM.Deploy.0 = Release|ARM
		{64874D65-41EC-4E5F-96F9-BA3D6798434B}.AppStore|iPhone.ActiveCfg = Release|x86
		{64874D65-41EC-4E5F-96F9-BA3D6798434B}.AppStore|iPhone.Build.0 = Release|x86
		{64874D65-41EC-4E5F-96F9-BA3D6798434B}.AppStore|iPhone.Deploy.0 = Release|x86
		{64874D65-41EC-4E5F-96F9-BA3D6798434B}.AppStore|iPhoneSimulator.ActiveCfg = Release|x86
		{64874D65-41EC-4E5F-96F9-BA3D6798434B}.AppStore|iPhoneSimulator.Build.0 = Release|x86
		{64874D65-41EC-4E5F-96F9-BA3D6798434B}.AppStore|iPhoneSimulator.Deploy.0 = Release|x86
		{64874D65-41EC-4E5F-96F9-BA3D6798434B}.AppStore|x64.ActiveCfg = Release|x64
		{64874D65-41EC-4E5F-96F9-BA3D6798434B}.AppStore|x64.Build.0 = Release|x64
		{64874D65-41EC-4E5F-96F9-BA3D6798434B}.AppStore|x64.Deploy.0 = Release|x64
		{64874D65-41EC-4E5F-96F9-BA3D6798434B}.AppStore|x86.ActiveCfg = Release|x86
		{64874D65-41EC-4E5F-96F9-BA3D6798434B}.AppStore|x86.Build.0 = Release|x86
		{64874D65-41EC-4E5F-96F9-BA3D6798434B}.AppStore|x86.Deploy.0 = Release|x86
		{64874D65-41EC-4E5F-96F9-BA3D6798434B}.Debug|Any CPU.ActiveCfg = Debug|x86
		{64874D65-41EC-4E5F-96F9-BA3D6798434B}.Debug|ARM.ActiveCfg = Debug|ARM
		{64874D65-41EC-4E5F-96F9-BA3D6798434B}.Debug|ARM.Build.0 = Debug|ARM
		{64874D65-41EC-4E5F-96F9-BA3D6798434B}.Debug|ARM.Deploy.0 = Debug|ARM
		{64874D65-41EC-4E5F-96F9-BA3D6798434B}.Debug|iPhone.ActiveCfg = Debug|x86
		{64874D65-41EC-4E5F-96F9-BA3D6798434B}.Debug|iPhoneSimulator.ActiveCfg = Debug|x86
		{64874D65-41EC-4E5F-96F9-BA3D6798434B}.Debug|x64.ActiveCfg = Debug|x64
		{64874D65-41EC-4E5F-96F9-BA3D6798434B}.Debug|x64.Build.0 = Debug|x64
		{64874D65-41EC-4E5F-96F9-BA3D6798434B}.Debug|x64.Deploy.0 = Debug|x64
		{64874D65-41EC-4E5F-96F9-BA3D6798434B}.Debug|x86.ActiveCfg = Debug|x86
		{64874D65-41EC-4E5F-96F9-BA3D6798434B}.Debug|x86.Build.0 = Debug|x86
		{64874D65-41EC-4E5F-96F9-BA3D6798434B}.Debug|x86.Deploy.0 = Debug|x86
		{64874D65-41EC-4E5F-96F9-BA3D6798434B}.Release|Any CPU.ActiveCfg = Release|x86
		{64874D65-41EC-4E5F-96F9-BA3D6798434B}.Release|ARM.ActiveCfg = Release|ARM
		{64874D65-41EC-4E5F-96F9-BA3D6798434B}.Release|ARM.Build.0 = Release|ARM
		{64874D65-41EC-4E5F-96F9-BA3D6798434B}.Release|ARM.Deploy.0 = Release|ARM
		{64874D65-41EC-4E5F-96F9-BA3D6798434B}.Release|iPhone.ActiveCfg = Release|x86
		{64874D65-41EC-4E5F-96F9-BA3D6798434B}.Release|iPhoneSimulator.ActiveCfg = Release|x86
		{64874D65-41EC-4E5F-96F9-BA3D6798434B}.Release|x64.ActiveCfg = Release|x64
		{64874D65-41EC-4E5F-96F9-BA3D6798434B}.Release|x64.Build.0 = Release|x64
		{64874D65-41EC-4E5F-96F9-BA3D6798434B}.Release|x64.Deploy.0 = Release|x64
		{64874D65-41EC-4E5F-96F9-BA3D6798434B}.Release|x86.ActiveCfg = Release|x86
		{64874D65-41EC-4E5F-96F9-BA3D6798434B}.Release|x86.Build.0 = Release|x86
		{64874D65-41EC-4E5F-96F9-BA3D6798434B}.Release|x86.Deploy.0 = Release|x86
		{EFD95456-9379-454D-803E-D81E3DEFE2CB}.Ad-Hoc|Any CPU.ActiveCfg = Debug|Any CPU
		{EFD95456-9379-454D-803E-D81E3DEFE2CB}.Ad-Hoc|Any CPU.Build.0 = Debug|Any CPU
		{EFD95456-9379-454D-803E-D81E3DEFE2CB}.Ad-Hoc|ARM.ActiveCfg = Debug|Any CPU
		{EFD95456-9379-454D-803E-D81E3DEFE2CB}.Ad-Hoc|ARM.Build.0 = Debug|Any CPU
		{EFD95456-9379-454D-803E-D81E3DEFE2CB}.Ad-Hoc|iPhone.ActiveCfg = Debug|Any CPU
		{EFD95456-9379-454D-803E-D81E3DEFE2CB}.Ad-Hoc|iPhone.Build.0 = Debug|Any CPU
		{EFD95456-9379-454D-803E-D81E3DEFE2CB}.Ad-Hoc|iPhoneSimulator.ActiveCfg = Debug|Any CPU
		{EFD95456-9379-454D-803E-D81E3DEFE2CB}.Ad-Hoc|iPhoneSimulator.Build.0 = Debug|Any CPU
		{EFD95456-9379-454D-803E-D81E3DEFE2CB}.Ad-Hoc|x64.ActiveCfg = Debug|Any CPU
		{EFD95456-9379-454D-803E-D81E3DEFE2CB}.Ad-Hoc|x64.Build.0 = Debug|Any CPU
		{EFD95456-9379-454D-803E-D81E3DEFE2CB}.Ad-Hoc|x86.ActiveCfg = Debug|Any CPU
		{EFD95456-9379-454D-803E-D81E3DEFE2CB}.Ad-Hoc|x86.Build.0 = Debug|Any CPU
		{EFD95456-9379-454D-803E-D81E3DEFE2CB}.AppStore|Any CPU.ActiveCfg = Debug|Any CPU
		{EFD95456-9379-454D-803E-D81E3DEFE2CB}.AppStore|Any CPU.Build.0 = Debug|Any CPU
		{EFD95456-9379-454D-803E-D81E3DEFE2CB}.AppStore|ARM.ActiveCfg = Debug|Any CPU
		{EFD95456-9379-454D-803E-D81E3DEFE2CB}.AppStore|ARM.Build.0 = Debug|Any CPU
		{EFD95456-9379-454D-803E-D81E3DEFE2CB}.AppStore|iPhone.ActiveCfg = Debug|Any CPU
		{EFD95456-9379-454D-803E-D81E3DEFE2CB}.AppStore|iPhone.Build.0 = Debug|Any CPU
		{EFD95456-9379-454D-803E-D81E3DEFE2CB}.AppStore|iPhoneSimulator.ActiveCfg = Debug|Any CPU
		{EFD95456-9379-454D-803E-D81E3DEFE2CB}.AppStore|iPhoneSimulator.Build.0 = Debug|Any CPU
		{EFD95456-9379-454D-803E-D81E3DEFE2CB}.AppStore|x64.ActiveCfg = Debug|Any CPU
		{EFD95456-9379-454D-803E-D81E3DEFE2CB}.AppStore|x64.Build.0 = Debug|Any CPU
		{EFD95456-9379-454D-803E-D81E3DEFE2CB}.AppStore|x86.ActiveCfg = Debug|Any CPU
		{EFD95456-9379-454D-803E-D81E3DEFE2CB}.AppStore|x86.Build.0 = Debug|Any CPU
		{EFD95456-9379-454D-803E-D81E3DEFE2CB}.Debug|Any CPU.ActiveCfg = Debug|Any CPU
		{EFD95456-9379-454D-803E-D81E3DEFE2CB}.Debug|Any CPU.Build.0 = Debug|Any CPU
		{EFD95456-9379-454D-803E-D81E3DEFE2CB}.Debug|ARM.ActiveCfg = Debug|Any CPU
		{EFD95456-9379-454D-803E-D81E3DEFE2CB}.Debug|ARM.Build.0 = Debug|Any CPU
		{EFD95456-9379-454D-803E-D81E3DEFE2CB}.Debug|iPhone.ActiveCfg = Debug|Any CPU
		{EFD95456-9379-454D-803E-D81E3DEFE2CB}.Debug|iPhone.Build.0 = Debug|Any CPU
		{EFD95456-9379-454D-803E-D81E3DEFE2CB}.Debug|iPhoneSimulator.ActiveCfg = Debug|Any CPU
		{EFD95456-9379-454D-803E-D81E3DEFE2CB}.Debug|iPhoneSimulator.Build.0 = Debug|Any CPU
		{EFD95456-9379-454D-803E-D81E3DEFE2CB}.Debug|x64.ActiveCfg = Debug|Any CPU
		{EFD95456-9379-454D-803E-D81E3DEFE2CB}.Debug|x64.Build.0 = Debug|Any CPU
		{EFD95456-9379-454D-803E-D81E3DEFE2CB}.Debug|x86.ActiveCfg = Debug|Any CPU
		{EFD95456-9379-454D-803E-D81E3DEFE2CB}.Debug|x86.Build.0 = Debug|Any CPU
		{EFD95456-9379-454D-803E-D81E3DEFE2CB}.Release|Any CPU.ActiveCfg = Release|Any CPU
		{EFD95456-9379-454D-803E-D81E3DEFE2CB}.Release|Any CPU.Build.0 = Release|Any CPU
		{EFD95456-9379-454D-803E-D81E3DEFE2CB}.Release|ARM.ActiveCfg = Release|Any CPU
		{EFD95456-9379-454D-803E-D81E3DEFE2CB}.Release|ARM.Build.0 = Release|Any CPU
		{EFD95456-9379-454D-803E-D81E3DEFE2CB}.Release|iPhone.ActiveCfg = Release|Any CPU
		{EFD95456-9379-454D-803E-D81E3DEFE2CB}.Release|iPhone.Build.0 = Release|Any CPU
		{EFD95456-9379-454D-803E-D81E3DEFE2CB}.Release|iPhoneSimulator.ActiveCfg = Release|Any CPU
		{EFD95456-9379-454D-803E-D81E3DEFE2CB}.Release|iPhoneSimulator.Build.0 = Release|Any CPU
		{EFD95456-9379-454D-803E-D81E3DEFE2CB}.Release|x64.ActiveCfg = Release|Any CPU
		{EFD95456-9379-454D-803E-D81E3DEFE2CB}.Release|x64.Build.0 = Release|Any CPU
		{EFD95456-9379-454D-803E-D81E3DEFE2CB}.Release|x86.ActiveCfg = Release|Any CPU
		{EFD95456-9379-454D-803E-D81E3DEFE2CB}.Release|x86.Build.0 = Release|Any CPU
	EndGlobalSection
	GlobalSection(SolutionProperties) = preSolution
		HideSolutionNode = FALSE
	EndGlobalSection
	GlobalSection(ExtensibilityGlobals) = postSolution
		SolutionGuid = {9C15F2DE-1CBE-4FCE-931F-FFAF789F7271}
	EndGlobalSection
EndGlobal
